// !$*UTF8*$!
{
	archiveVersion = 1;
	classes = {
	};
	objectVersion = 46;
	objects = {

/* Begin PBXBuildFile section */
		888B015019C98D010075FBA4 /* Foundation.framework in Frameworks */ = {isa = PBXBuildFile; fileRef = 888B014F19C98D010075FBA4 /* Foundation.framework */; };
		888B015219C98D010075FBA4 /* CoreGraphics.framework in Frameworks */ = {isa = PBXBuildFile; fileRef = 888B015119C98D010075FBA4 /* CoreGraphics.framework */; };
		888B015419C98D010075FBA4 /* UIKit.framework in Frameworks */ = {isa = PBXBuildFile; fileRef = 888B015319C98D010075FBA4 /* UIKit.framework */; };
		888B015A19C98D010075FBA4 /* InfoPlist.strings in Resources */ = {isa = PBXBuildFile; fileRef = 888B015819C98D010075FBA4 /* InfoPlist.strings */; };
		888B015C19C98D010075FBA4 /* main.m in Sources */ = {isa = PBXBuildFile; fileRef = 888B015B19C98D010075FBA4 /* main.m */; };
		888B016019C98D010075FBA4 /* SMTAppDelegate.m in Sources */ = {isa = PBXBuildFile; fileRef = 888B015F19C98D010075FBA4 /* SMTAppDelegate.m */; };
		888B016319C98D010075FBA4 /* Main.storyboard in Resources */ = {isa = PBXBuildFile; fileRef = 888B016119C98D010075FBA4 /* Main.storyboard */; };
		888B016619C98D020075FBA4 /* SMTViewController.m in Sources */ = {isa = PBXBuildFile; fileRef = 888B016519C98D020075FBA4 /* SMTViewController.m */; };
		888B016819C98D020075FBA4 /* Images.xcassets in Resources */ = {isa = PBXBuildFile; fileRef = 888B016719C98D020075FBA4 /* Images.xcassets */; };
		888B016F19C98D020075FBA4 /* XCTest.framework in Frameworks */ = {isa = PBXBuildFile; fileRef = 888B016E19C98D020075FBA4 /* XCTest.framework */; };
		888B017019C98D020075FBA4 /* Foundation.framework in Frameworks */ = {isa = PBXBuildFile; fileRef = 888B014F19C98D010075FBA4 /* Foundation.framework */; };
		888B017119C98D020075FBA4 /* UIKit.framework in Frameworks */ = {isa = PBXBuildFile; fileRef = 888B015319C98D010075FBA4 /* UIKit.framework */; };
		888B017919C98D020075FBA4 /* InfoPlist.strings in Resources */ = {isa = PBXBuildFile; fileRef = 888B017719C98D020075FBA4 /* InfoPlist.strings */; };
		888B017B19C98D020075FBA4 /* Overdue_Task_ListTests.m in Sources */ = {isa = PBXBuildFile; fileRef = 888B017A19C98D020075FBA4 /* Overdue_Task_ListTests.m */; };
/* End PBXBuildFile section */

/* Begin PBXContainerItemProxy section */
		888B017219C98D020075FBA4 /* PBXContainerItemProxy */ = {
			isa = PBXContainerItemProxy;
			containerPortal = 888B014419C98D010075FBA4 /* Project object */;
			proxyType = 1;
			remoteGlobalIDString = 888B014B19C98D010075FBA4;
			remoteInfo = "Overdue Task List";
		};
/* End PBXContainerItemProxy section */

/* Begin PBXFileReference section */
		888B014C19C98D010075FBA4 /* Overdue Task List.app */ = {isa = PBXFileReference; explicitFileType = wrapper.application; includeInIndex = 0; path = "Overdue Task List.app"; sourceTree = BUILT_PRODUCTS_DIR; };
		888B014F19C98D010075FBA4 /* Foundation.framework */ = {isa = PBXFileReference; lastKnownFileType = wrapper.framework; name = Foundation.framework; path = System/Library/Frameworks/Foundation.framework; sourceTree = SDKROOT; };
		888B015119C98D010075FBA4 /* CoreGraphics.framework */ = {isa = PBXFileReference; lastKnownFileType = wrapper.framework; name = CoreGraphics.framework; path = System/Library/Frameworks/CoreGraphics.framework; sourceTree = SDKROOT; };
		888B015319C98D010075FBA4 /* UIKit.framework */ = {isa = PBXFileReference; lastKnownFileType = wrapper.framework; name = UIKit.framework; path = System/Library/Frameworks/UIKit.framework; sourceTree = SDKROOT; };
		888B015719C98D010075FBA4 /* Overdue Task List-Info.plist */ = {isa = PBXFileReference; lastKnownFileType = text.plist.xml; path = "Overdue Task List-Info.plist"; sourceTree = "<group>"; };
		888B015919C98D010075FBA4 /* en */ = {isa = PBXFileReference; lastKnownFileType = text.plist.strings; name = en; path = en.lproj/InfoPlist.strings; sourceTree = "<group>"; };
		888B015B19C98D010075FBA4 /* main.m */ = {isa = PBXFileReference; lastKnownFileType = sourcecode.c.objc; path = main.m; sourceTree = "<group>"; };
		888B015D19C98D010075FBA4 /* Overdue Task List-Prefix.pch */ = {isa = PBXFileReference; lastKnownFileType = sourcecode.c.h; path = "Overdue Task List-Prefix.pch"; sourceTree = "<group>"; };
		888B015E19C98D010075FBA4 /* SMTAppDelegate.h */ = {isa = PBXFileReference; lastKnownFileType = sourcecode.c.h; path = SMTAppDelegate.h; sourceTree = "<group>"; };
		888B015F19C98D010075FBA4 /* SMTAppDelegate.m */ = {isa = PBXFileReference; lastKnownFileType = sourcecode.c.objc; path = SMTAppDelegate.m; sourceTree = "<group>"; };
		888B016219C98D010075FBA4 /* Base */ = {isa = PBXFileReference; lastKnownFileType = file.storyboard; name = Base; path = Base.lproj/Main.storyboard; sourceTree = "<group>"; };
		888B016419C98D010075FBA4 /* SMTViewController.h */ = {isa = PBXFileReference; lastKnownFileType = sourcecode.c.h; path = SMTViewController.h; sourceTree = "<group>"; };
		888B016519C98D020075FBA4 /* SMTViewController.m */ = {isa = PBXFileReference; lastKnownFileType = sourcecode.c.objc; path = SMTViewController.m; sourceTree = "<group>"; };
		888B016719C98D020075FBA4 /* Images.xcassets */ = {isa = PBXFileReference; lastKnownFileType = folder.assetcatalog; path = Images.xcassets; sourceTree = "<group>"; };
		888B016D19C98D020075FBA4 /* Overdue Task ListTests.xctest */ = {isa = PBXFileReference; explicitFileType = wrapper.cfbundle; includeInIndex = 0; path = "Overdue Task ListTests.xctest"; sourceTree = BUILT_PRODUCTS_DIR; };
		888B016E19C98D020075FBA4 /* XCTest.framework */ = {isa = PBXFileReference; lastKnownFileType = wrapper.framework; name = XCTest.framework; path = Library/Frameworks/XCTest.framework; sourceTree = DEVELOPER_DIR; };
		888B017619C98D020075FBA4 /* Overdue Task ListTests-Info.plist */ = {isa = PBXFileReference; lastKnownFileType = text.plist.xml; path = "Overdue Task ListTests-Info.plist"; sourceTree = "<group>"; };
		888B017819C98D020075FBA4 /* en */ = {isa = PBXFileReference; lastKnownFileType = text.plist.strings; name = en; path = en.lproj/InfoPlist.strings; sourceTree = "<group>"; };
		888B017A19C98D020075FBA4 /* Overdue_Task_ListTests.m */ = {isa = PBXFileReference; lastKnownFileType = sourcecode.c.objc; path = Overdue_Task_ListTests.m; sourceTree = "<group>"; };
/* End PBXFileReference section */

/* Begin PBXFrameworksBuildPhase section */
		888B014919C98D010075FBA4 /* Frameworks */ = {
			isa = PBXFrameworksBuildPhase;
			buildActionMask = 2147483647;
			files = (
				888B015219C98D010075FBA4 /* CoreGraphics.framework in Frameworks */,
				888B015419C98D010075FBA4 /* UIKit.framework in Frameworks */,
				888B015019C98D010075FBA4 /* Foundation.framework in Frameworks */,
			);
			runOnlyForDeploymentPostprocessing = 0;
		};
		888B016A19C98D020075FBA4 /* Frameworks */ = {
			isa = PBXFrameworksBuildPhase;
			buildActionMask = 2147483647;
			files = (
				888B016F19C98D020075FBA4 /* XCTest.framework in Frameworks */,
				888B017119C98D020075FBA4 /* UIKit.framework in Frameworks */,
				888B017019C98D020075FBA4 /* Foundation.framework in Frameworks */,
			);
			runOnlyForDeploymentPostprocessing = 0;
		};
/* End PBXFrameworksBuildPhase section */

/* Begin PBXGroup section */
		888B014319C98D010075FBA4 = {
			isa = PBXGroup;
			children = (
				888B015519C98D010075FBA4 /* Overdue Task List */,
				888B017419C98D020075FBA4 /* Overdue Task ListTests */,
				888B014E19C98D010075FBA4 /* Frameworks */,
				888B014D19C98D010075FBA4 /* Products */,
			);
			sourceTree = "<group>";
		};
		888B014D19C98D010075FBA4 /* Products */ = {
			isa = PBXGroup;
			children = (
				888B014C19C98D010075FBA4 /* Overdue Task List.app */,
				888B016D19C98D020075FBA4 /* Overdue Task ListTests.xctest */,
			);
			name = Products;
			sourceTree = "<group>";
		};
		888B014E19C98D010075FBA4 /* Frameworks */ = {
			isa = PBXGroup;
			children = (
				888B014F19C98D010075FBA4 /* Foundation.framework */,
				888B015119C98D010075FBA4 /* CoreGraphics.framework */,
				888B015319C98D010075FBA4 /* UIKit.framework */,
				888B016E19C98D020075FBA4 /* XCTest.framework */,
			);
			name = Frameworks;
			sourceTree = "<group>";
		};
		888B015519C98D010075FBA4 /* Overdue Task List */ = {
			isa = PBXGroup;
			children = (
				888B015E19C98D010075FBA4 /* SMTAppDelegate.h */,
				888B015F19C98D010075FBA4 /* SMTAppDelegate.m */,
				888B016119C98D010075FBA4 /* Main.storyboard */,
				888B016419C98D010075FBA4 /* SMTViewController.h */,
				888B016519C98D020075FBA4 /* SMTViewController.m */,
				888B016719C98D020075FBA4 /* Images.xcassets */,
				888B015619C98D010075FBA4 /* Supporting Files */,
			);
			path = "Overdue Task List";
			sourceTree = "<group>";
		};
		888B015619C98D010075FBA4 /* Supporting Files */ = {
			isa = PBXGroup;
			children = (
				888B015719C98D010075FBA4 /* Overdue Task List-Info.plist */,
				888B015819C98D010075FBA4 /* InfoPlist.strings */,
				888B015B19C98D010075FBA4 /* main.m */,
				888B015D19C98D010075FBA4 /* Overdue Task List-Prefix.pch */,
			);
			name = "Supporting Files";
			sourceTree = "<group>";
		};
		888B017419C98D020075FBA4 /* Overdue Task ListTests */ = {
			isa = PBXGroup;
			children = (
				888B017A19C98D020075FBA4 /* Overdue_Task_ListTests.m */,
				888B017519C98D020075FBA4 /* Supporting Files */,
			);
			path = "Overdue Task ListTests";
			sourceTree = "<group>";
		};
		888B017519C98D020075FBA4 /* Supporting Files */ = {
			isa = PBXGroup;
			children = (
				888B017619C98D020075FBA4 /* Overdue Task ListTests-Info.plist */,
				888B017719C98D020075FBA4 /* InfoPlist.strings */,
			);
			name = "Supporting Files";
			sourceTree = "<group>";
		};
/* End PBXGroup section */

/* Begin PBXNativeTarget section */
		888B014B19C98D010075FBA4 /* Overdue Task List */ = {
			isa = PBXNativeTarget;
			buildConfigurationList = 888B017E19C98D020075FBA4 /* Build configuration list for PBXNativeTarget "Overdue Task List" */;
			buildPhases = (
				888B014819C98D010075FBA4 /* Sources */,
				888B014919C98D010075FBA4 /* Frameworks */,
				888B014A19C98D010075FBA4 /* Resources */,
			);
			buildRules = (
			);
			dependencies = (
			);
			name = "Overdue Task List";
			productName = "Overdue Task List";
			productReference = 888B014C19C98D010075FBA4 /* Overdue Task List.app */;
			productType = "com.apple.product-type.application";
		};
		888B016C19C98D020075FBA4 /* Overdue Task ListTests */ = {
			isa = PBXNativeTarget;
			buildConfigurationList = 888B018119C98D020075FBA4 /* Build configuration list for PBXNativeTarget "Overdue Task ListTests" */;
			buildPhases = (
				888B016919C98D020075FBA4 /* Sources */,
				888B016A19C98D020075FBA4 /* Frameworks */,
				888B016B19C98D020075FBA4 /* Resources */,
			);
			buildRules = (
			);
			dependencies = (
				888B017319C98D020075FBA4 /* PBXTargetDependency */,
			);
			name = "Overdue Task ListTests";
			productName = "Overdue Task ListTests";
			productReference = 888B016D19C98D020075FBA4 /* Overdue Task ListTests.xctest */;
			productType = "com.apple.product-type.bundle.unit-test";
		};
/* End PBXNativeTarget section */

/* Begin PBXProject section */
		888B014419C98D010075FBA4 /* Project object */ = {
			isa = PBXProject;
			attributes = {
				CLASSPREFIX = SMT;
				LastUpgradeCheck = 0510;
				ORGANIZATIONNAME = "Spider Monkey Tech";
				TargetAttributes = {
					888B016C19C98D020075FBA4 = {
						TestTargetID = 888B014B19C98D010075FBA4;
					};
				};
			};
			buildConfigurationList = 888B014719C98D010075FBA4 /* Build configuration list for PBXProject "Overdue Task List" */;
			compatibilityVersion = "Xcode 3.2";
			developmentRegion = English;
			hasScannedForEncodings = 0;
			knownRegions = (
				en,
				Base,
			);
			mainGroup = 888B014319C98D010075FBA4;
			productRefGroup = 888B014D19C98D010075FBA4 /* Products */;
			projectDirPath = "";
			projectRoot = "";
			targets = (
				888B014B19C98D010075FBA4 /* Overdue Task List */,
				888B016C19C98D020075FBA4 /* Overdue Task ListTests */,
			);
		};
/* End PBXProject section */

/* Begin PBXResourcesBuildPhase section */
		888B014A19C98D010075FBA4 /* Resources */ = {
			isa = PBXResourcesBuildPhase;
			buildActionMask = 2147483647;
			files = (
				888B016819C98D020075FBA4 /* Images.xcassets in Resources */,
				888B015A19C98D010075FBA4 /* InfoPlist.strings in Resources */,
				888B016319C98D010075FBA4 /* Main.storyboard in Resources */,
			);
			runOnlyForDeploymentPostprocessing = 0;
		};
		888B016B19C98D020075FBA4 /* Resources */ = {
			isa = PBXResourcesBuildPhase;
			buildActionMask = 2147483647;
			files = (
				888B017919C98D020075FBA4 /* InfoPlist.strings in Resources */,
			);
			runOnlyForDeploymentPostprocessing = 0;
		};
/* End PBXResourcesBuildPhase section */

/* Begin PBXSourcesBuildPhase section */
		888B014819C98D010075FBA4 /* Sources */ = {
			isa = PBXSourcesBuildPhase;
			buildActionMask = 2147483647;
			files = (
				888B016619C98D020075FBA4 /* SMTViewController.m in Sources */,
				888B015C19C98D010075FBA4 /* main.m in Sources */,
				888B016019C98D010075FBA4 /* SMTAppDelegate.m in Sources */,
			);
			runOnlyForDeploymentPostprocessing = 0;
		};
		888B016919C98D020075FBA4 /* Sources */ = {
			isa = PBXSourcesBuildPhase;
			buildActionMask = 2147483647;
			files = (
				888B017B19C98D020075FBA4 /* Overdue_Task_ListTests.m in Sources */,
			);
			runOnlyForDeploymentPostprocessing = 0;
		};
/* End PBXSourcesBuildPhase section */

/* Begin PBXTargetDependency section */
		888B017319C98D020075FBA4 /* PBXTargetDependency */ = {
			isa = PBXTargetDependency;
			target = 888B014B19C98D010075FBA4 /* Overdue Task List */;
			targetProxy = 888B017219C98D020075FBA4 /* PBXContainerItemProxy */;
		};
/* End PBXTargetDependency section */

/* Begin PBXVariantGroup section */
		888B015819C98D010075FBA4 /* InfoPlist.strings */ = {
			isa = PBXVariantGroup;
			children = (
				888B015919C98D010075FBA4 /* en */,
			);
			name = InfoPlist.strings;
			sourceTree = "<group>";
		};
		888B016119C98D010075FBA4 /* Main.storyboard */ = {
			isa = PBXVariantGroup;
			children = (
				888B016219C98D010075FBA4 /* Base */,
			);
			name = Main.storyboard;
			sourceTree = "<group>";
		};
		888B017719C98D020075FBA4 /* InfoPlist.strings */ = {
			isa = PBXVariantGroup;
			children = (
				888B017819C98D020075FBA4 /* en */,
			);
			name = InfoPlist.strings;
			sourceTree = "<group>";
		};
/* End PBXVariantGroup section */

/* Begin XCBuildConfiguration section */
		888B017C19C98D020075FBA4 /* Debug */ = {
			isa = XCBuildConfiguration;
			buildSettings = {
				ALWAYS_SEARCH_USER_PATHS = NO;
				CLANG_CXX_LANGUAGE_STANDARD = "gnu++0x";
				CLANG_CXX_LIBRARY = "libc++";
				CLANG_ENABLE_MODULES = YES;
				CLANG_ENABLE_OBJC_ARC = YES;
				CLANG_WARN_BOOL_CONVERSION = YES;
				CLANG_WARN_CONSTANT_CONVERSION = YES;
				CLANG_WARN_DIRECT_OBJC_ISA_USAGE = YES_ERROR;
				CLANG_WARN_EMPTY_BODY = YES;
				CLANG_WARN_ENUM_CONVERSION = YES;
				CLANG_WARN_INT_CONVERSION = YES;
				CLANG_WARN_OBJC_ROOT_CLASS = YES_ERROR;
				CLANG_WARN__DUPLICATE_METHOD_MATCH = YES;
				"CODE_SIGN_IDENTITY[sdk=iphoneos*]" = "iPhone Developer";
				COPY_PHASE_STRIP = NO;
				GCC_C_LANGUAGE_STANDARD = gnu99;
				GCC_DYNAMIC_NO_PIC = NO;
				GCC_OPTIMIZATION_LEVEL = 0;
				GCC_PREPROCESSOR_DEFINITIONS = (
					"DEBUG=1",
					"$(inherited)",
				);
				GCC_SYMBOLS_PRIVATE_EXTERN = NO;
				GCC_WARN_64_TO_32_BIT_CONVERSION = YES;
				GCC_WARN_ABOUT_RETURN_TYPE = YES_ERROR;
				GCC_WARN_UNDECLARED_SELECTOR = YES;
				GCC_WARN_UNINITIALIZED_AUTOS = YES_AGGRESSIVE;
				GCC_WARN_UNUSED_FUNCTION = YES;
				GCC_WARN_UNUSED_VARIABLE = YES;
				IPHONEOS_DEPLOYMENT_TARGET = 7.1;
				ONLY_ACTIVE_ARCH = YES;
				SDKROOT = iphoneos;
			};
			name = Debug;
		};
		888B017D19C98D020075FBA4 /* Release */ = {
			isa = XCBuildConfiguration;
			buildSettings = {
				ALWAYS_SEARCH_USER_PATHS = NO;
				CLANG_CXX_LANGUAGE_STANDARD = "gnu++0x";
				CLANG_CXX_LIBRARY = "libc++";
				CLANG_ENABLE_MODULES = YES;
				CLANG_ENABLE_OBJC_ARC = YES;
				CLANG_WARN_BOOL_CONVERSION = YES;
				CLANG_WARN_CONSTANT_CONVERSION = YES;
				CLANG_WARN_DIRECT_OBJC_ISA_USAGE = YES_ERROR;
				CLANG_WARN_EMPTY_BODY = YES;
				CLANG_WARN_ENUM_CONVERSION = YES;
				CLANG_WARN_INT_CONVERSION = YES;
				CLANG_WARN_OBJC_ROOT_CLASS = YES_ERROR;
				CLANG_WARN__DUPLICATE_METHOD_MATCH = YES;
				"CODE_SIGN_IDENTITY[sdk=iphoneos*]" = "iPhone Developer";
				COPY_PHASE_STRIP = YES;
				ENABLE_NS_ASSERTIONS = NO;
				GCC_C_LANGUAGE_STANDARD = gnu99;
				GCC_WARN_64_TO_32_BIT_CONVERSION = YES;
				GCC_WARN_ABOUT_RETURN_TYPE = YES_ERROR;
				GCC_WARN_UNDECLARED_SELECTOR = YES;
				GCC_WARN_UNINITIALIZED_AUTOS = YES_AGGRESSIVE;
				GCC_WARN_UNUSED_FUNCTION = YES;
				GCC_WARN_UNUSED_VARIABLE = YES;
				IPHONEOS_DEPLOYMENT_TARGET = 7.1;
				SDKROOT = iphoneos;
				VALIDATE_PRODUCT = YES;
			};
			name = Release;
		};
		888B017F19C98D020075FBA4 /* Debug */ = {
			isa = XCBuildConfiguration;
			buildSettings = {
				ASSETCATALOG_COMPILER_APPICON_NAME = AppIcon;
				ASSETCATALOG_COMPILER_LAUNCHIMAGE_NAME = LaunchImage;
				GCC_PRECOMPILE_PREFIX_HEADER = YES;
				GCC_PREFIX_HEADER = "Overdue Task List/Overdue Task List-Prefix.pch";
				INFOPLIST_FILE = "Overdue Task List/Overdue Task List-Info.plist";
				PRODUCT_NAME = "$(TARGET_NAME)";
				WRAPPER_EXTENSION = app;
			};
			name = Debug;
		};
		888B018019C98D020075FBA4 /* Release */ = {
			isa = XCBuildConfiguration;
			buildSettings = {
				ASSETCATALOG_COMPILER_APPICON_NAME = AppIcon;
				ASSETCATALOG_COMPILER_LAUNCHIMAGE_NAME = LaunchImage;
				GCC_PRECOMPILE_PREFIX_HEADER = YES;
				GCC_PREFIX_HEADER = "Overdue Task List/Overdue Task List-Prefix.pch";
				INFOPLIST_FILE = "Overdue Task List/Overdue Task List-Info.plist";
				PRODUCT_NAME = "$(TARGET_NAME)";
				WRAPPER_EXTENSION = app;
			};
			name = Release;
		};
		888B018219C98D020075FBA4 /* Debug */ = {
			isa = XCBuildConfiguration;
			buildSettings = {
				BUNDLE_LOADER = "$(BUILT_PRODUCTS_DIR)/Overdue Task List.app/Overdue Task List";
				FRAMEWORK_SEARCH_PATHS = (
					"$(SDKROOT)/Developer/Library/Frameworks",
					"$(inherited)",
					"$(DEVELOPER_FRAMEWORKS_DIR)",
				);
				GCC_PRECOMPILE_PREFIX_HEADER = YES;
				GCC_PREFIX_HEADER = "Overdue Task List/Overdue Task List-Prefix.pch";
				GCC_PREPROCESSOR_DEFINITIONS = (
					"DEBUG=1",
					"$(inherited)",
				);
				INFOPLIST_FILE = "Overdue Task ListTests/Overdue Task ListTests-Info.plist";
				PRODUCT_NAME = "$(TARGET_NAME)";
				TEST_HOST = "$(BUNDLE_LOADER)";
				WRAPPER_EXTENSION = xctest;
			};
			name = Debug;
		};
		888B018319C98D020075FBA4 /* Release */ = {
			isa = XCBuildConfiguration;
			buildSettings = {
				BUNDLE_LOADER = "$(BUILT_PRODUCTS_DIR)/Overdue Task List.app/Overdue Task List";
				FRAMEWORK_SEARCH_PATHS = (
					"$(SDKROOT)/Developer/Library/Frameworks",
					"$(inherited)",
					"$(DEVELOPER_FRAMEWORKS_DIR)",
				);
				GCC_PRECOMPILE_PREFIX_HEADER = YES;
				GCC_PREFIX_HEADER = "Overdue Task List/Overdue Task List-Prefix.pch";
				INFOPLIST_FILE = "Overdue Task ListTests/Overdue Task ListTests-Info.plist";
				PRODUCT_NAME = "$(TARGET_NAME)";
				TEST_HOST = "$(BUNDLE_LOADER)";
				WRAPPER_EXTENSION = xctest;
			};
			name = Release;
		};
/* End XCBuildConfiguration section */

/* Begin XCConfigurationList section */
		888B014719C98D010075FBA4 /* Build configuration list for PBXProject "Overdue Task List" */ = {
			isa = XCConfigurationList;
			buildConfigurations = (
				888B017C19C98D020075FBA4 /* Debug */,
				888B017D19C98D020075FBA4 /* Release */,
			);
			defaultConfigurationIsVisible = 0;
			defaultConfigurationName = Release;
		};
		888B017E19C98D020075FBA4 /* Build configuration list for PBXNativeTarget "Overdue Task List" */ = {
			isa = XCConfigurationList;
			buildConfigurations = (
				888B017F19C98D020075FBA4 /* Debug */,
				888B018019C98D020075FBA4 /* Release */,
			);
			defaultConfigurationIsVisible = 0;
		};
		888B018119C98D020075FBA4 /* Build configuration list for PBXNativeTarget "Overdue Task ListTests" */ = {
			isa = XCConfigurationList;
			buildConfigurations = (
				888B018219C98D020075FBA4 /* Debug */,
				888B018319C98D020075FBA4 /* Release */,
			);
			defaultConfigurationIsVisible = 0;
		};
/* End XCConfigurationList section */
	};
	rootObject = 888B014419C98D010075FBA4 /* Project object */;
}
